lockfileVersion: '9.0'

settings:
  autoInstallPeers: true
  excludeLinksFromLockfile: false

importers:

  .:
    dependencies:
      '@tanstack/react-query':
        specifier: ^5.90.7
        version: 5.90.7(react@19.2.0)

packages:

  '@tanstack/query-core@5.90.7':
    resolution: {integrity: sha512-6PN65csiuTNfBMXqQUxQhCNdtm1rV+9kC9YwWAIKcaxAauq3Wu7p18j3gQY3YIBJU70jT/wzCCZ2uqto/vQgiQ==}

  '@tanstack/react-query@5.90.7':
    resolution: {integrity: sha512-wAHc/cgKzW7LZNFloThyHnV/AX9gTg3w5yAv0gvQHPZoCnepwqCMtzbuPbb2UvfvO32XZ46e8bPOYbfZhzVnnQ==}
    peerDependencies:
      react: ^18 || ^19

  react@19.2.0:
    resolution: {integrity: sha512-tmbWg6W31tQLeB5cdIBOicJDJRR2KzXsV7uSK9iNfLWQ5bIZfxuPEHp7M8wiHyHnn0DD1i7w3Zmin0FtkrwoCQ==}
    engines: {node: '>=0.10.0'}

snapshots:

  '@tanstack/query-core@5.90.7': {}

  '@tanstack/react-query@5.90.7(react@19.2.0)':
    dependencies:
      '@tanstack/query-core': 5.90.7
      react: 19.2.0

  react@19.2.0: {}
